
Microsoft Visual Studio Solution File, Format Version 12.00
# Visual Studio Version 17
VisualStudioVersion = 17.7.34202.233
MinimumVisualStudioVersion = 10.0.40219.1
Project("{8BC9CEB8-8B4A-11D0-8D11-00A0C91BC942}") = "SwapTesterVS", "SwapTesterVS\SwapTesterVS.vcxproj", "{CFD97614-3EDA-4C50-9E2D-833750AF6017}"
EndProject
Global
	GlobalSection(SolutionConfigurationPlatforms) = preSolution
		Debug|x64 = Debug|x64
		Debug|x86 = Debug|x86
		Release|x64 = Release|x64
		Release|x86 = Release|x86
	EndGlobalSection
	GlobalSection(ProjectConfigurationPlatforms) = postSolution
		{CFD97614-3EDA-4C50-9E2D-833750AF6017}.Debug|x64.ActiveCfg = Debug|x64
		{CFD97614-3EDA-4C50-9E2D-833750AF6017}.Debug|x64.Build.0 = Debug|x64
		{CFD97614-3EDA-4C50-9E2D-833750AF6017}.Debug|x86.ActiveCfg = Debug|Win32
		{CFD97614-3EDA-4C50-9E2D-833750AF6017}.Debug|x86.Build.0 = Debug|Win32
		{CFD97614-3EDA-4C50-9E2D-833750AF6017}.Release|x64.ActiveCfg = Release|x64
		{CFD97614-3EDA-4C50-9E2D-833750AF6017}.Release|x64.Build.0 = Release|x64
		{CFD97614-3EDA-4C50-9E2D-833750AF6017}.Release|x86.ActiveCfg = Release|Win32
		{CFD97614-3EDA-4C50-9E2D-833750AF6017}.Release|x86.Build.0 = Release|Win32
	EndGlobalSection
	GlobalSection(SolutionProperties) = preSolution
		HideSolutionNode = FALSE
	EndGlobalSection
	GlobalSection(ExtensibilityGlobals) = postSolution
		SolutionGuid = {59E229EF-E590-4A47-822D-D8F5BE7A0F2B}
	EndGlobalSection
EndGlobal
